// !$*UTF8*$!
{
	archiveVersion = 1;
	classes = {
	};
	objectVersion = 48;
	objects = {

/* Begin PBXBuildFile section */
		25A02F760E80ACC28B43F0A2 /* Pods_wy.framework in Frameworks */ = {isa = PBXBuildFile; fileRef = 96C523FCC5E356F81B2D2596 /* Pods_wy.framework */; };
		B20C58C7202C16FE00706B8B /* UIViewController+CZAddition.m in Sources */ = {isa = PBXBuildFile; fileRef = B20C58AE202C16FC00706B8B /* UIViewController+CZAddition.m */; };
		B20C58C8202C16FE00706B8B /* UIColor+CZAddition.m in Sources */ = {isa = PBXBuildFile; fileRef = B20C58AF202C16FC00706B8B /* UIColor+CZAddition.m */; };
		B20C58C9202C16FE00706B8B /* UIView+CZAddition.m in Sources */ = {isa = PBXBuildFile; fileRef = B20C58B0202C16FC00706B8B /* UIView+CZAddition.m */; };
		B20C58CA202C16FE00706B8B /* NSString+CZBase64.m in Sources */ = {isa = PBXBuildFile; fileRef = B20C58B3202C16FD00706B8B /* NSString+CZBase64.m */; };
		B20C58CB202C16FE00706B8B /* UIScreen+CZAddition.m in Sources */ = {isa = PBXBuildFile; fileRef = B20C58B4202C16FD00706B8B /* UIScreen+CZAddition.m */; };
		B20C58CC202C16FE00706B8B /* NSObject+CZRuntime.m in Sources */ = {isa = PBXBuildFile; fileRef = B20C58B5202C16FD00706B8B /* NSObject+CZRuntime.m */; };
		B20C58CD202C16FE00706B8B /* NSAttributedString+CZAdditon.m in Sources */ = {isa = PBXBuildFile; fileRef = B20C58B8202C16FD00706B8B /* NSAttributedString+CZAdditon.m */; };
		B20C58CE202C16FE00706B8B /* UIButton+CZAddition.m in Sources */ = {isa = PBXBuildFile; fileRef = B20C58BC202C16FD00706B8B /* UIButton+CZAddition.m */; };
		B20C58CF202C16FE00706B8B /* UILabel+CZAddition.m in Sources */ = {isa = PBXBuildFile; fileRef = B20C58BE202C16FD00706B8B /* UILabel+CZAddition.m */; };
		B20C58D0202C16FE00706B8B /* NSString+CZHash.m in Sources */ = {isa = PBXBuildFile; fileRef = B20C58BF202C16FD00706B8B /* NSString+CZHash.m */; };
		B20C58D1202C16FE00706B8B /* NSArray+Log.m in Sources */ = {isa = PBXBuildFile; fileRef = B20C58C4202C16FE00706B8B /* NSArray+Log.m */; };
		B20C58D2202C16FE00706B8B /* NSString+CZPath.m in Sources */ = {isa = PBXBuildFile; fileRef = B20C58C5202C16FE00706B8B /* NSString+CZPath.m */; };
		B20C58D6202E935D00706B8B /* WYVistorView.swift in Sources */ = {isa = PBXBuildFile; fileRef = B20C58D5202E935D00706B8B /* WYVistorView.swift */; };
		B20C58D9203050EE00706B8B /* interface.json in Resources */ = {isa = PBXBuildFile; fileRef = B20C58D8203050EE00706B8B /* interface.json */; };
		B218D751204FED43004C8E24 /* WYNetworkManager+Extension.swift in Sources */ = {isa = PBXBuildFile; fileRef = B218D750204FED43004C8E24 /* WYNetworkManager+Extension.swift */; };
		B21CC3E62027135000ABC0A4 /* AppDelegate.swift in Sources */ = {isa = PBXBuildFile; fileRef = B21CC3E52027135000ABC0A4 /* AppDelegate.swift */; };
		B21CC3ED2027135000ABC0A4 /* Assets.xcassets in Resources */ = {isa = PBXBuildFile; fileRef = B21CC3EC2027135000ABC0A4 /* Assets.xcassets */; };
		B21CC3F02027135000ABC0A4 /* LaunchScreen.storyboard in Resources */ = {isa = PBXBuildFile; fileRef = B21CC3EE2027135000ABC0A4 /* LaunchScreen.storyboard */; };
		B21F53AB2077BF880059B390 /* WYShoppingCartNormalCell.xib in Resources */ = {isa = PBXBuildFile; fileRef = B21F53AA2077BF880059B390 /* WYShoppingCartNormalCell.xib */; };
		B21F53AF2077C9D60059B390 /* WYShoppingCartCell.swift in Sources */ = {isa = PBXBuildFile; fileRef = B21F53AE2077C9D60059B390 /* WYShoppingCartCell.swift */; };
		B22DE4902058290F00FD568A /* WYShoppingCartStatus.swift in Sources */ = {isa = PBXBuildFile; fileRef = B22DE48F2058290F00FD568A /* WYShoppingCartStatus.swift */; };
		B22DE4922058B93000FD568A /* WYStatusListViewModel.swift in Sources */ = {isa = PBXBuildFile; fileRef = B22DE4912058B93000FD568A /* WYStatusListViewModel.swift */; };
		B24413DA2085EE0700A773BA /* WYOrderCell.swift in Sources */ = {isa = PBXBuildFile; fileRef = B24413D82085EE0700A773BA /* WYOrderCell.swift */; };
		B24413DB2085EE0700A773BA /* WYOrderCell.xib in Resources */ = {isa = PBXBuildFile; fileRef = B24413D92085EE0700A773BA /* WYOrderCell.xib */; };
		B24413DF2085F12C00A773BA /* WYOrderState.swift in Sources */ = {isa = PBXBuildFile; fileRef = B24413DE2085F12C00A773BA /* WYOrderState.swift */; };
		B24413E8208867FC00A773BA /* WYOrderDetail.swift in Sources */ = {isa = PBXBuildFile; fileRef = B24413E7208867FC00A773BA /* WYOrderDetail.swift */; };
		B24413F9208A455E00A773BA /* WYDetailController.swift in Sources */ = {isa = PBXBuildFile; fileRef = B24413F7208A455E00A773BA /* WYDetailController.swift */; };
		B24413FD208A4B0800A773BA /* WYOrderDetailCell.swift in Sources */ = {isa = PBXBuildFile; fileRef = B24413FB208A4B0800A773BA /* WYOrderDetailCell.swift */; };
		B24413FE208A4B0800A773BA /* WYOrderDetailCell.xib in Resources */ = {isa = PBXBuildFile; fileRef = B24413FC208A4B0800A773BA /* WYOrderDetailCell.xib */; };
		B2441400208ADD6A00A773BA /* Singleton.swift in Sources */ = {isa = PBXBuildFile; fileRef = B24413FF208ADD6A00A773BA /* Singleton.swift */; };
		B2482B9E20736BA40008E677 /* WYCommon.swift in Sources */ = {isa = PBXBuildFile; fileRef = B2482B9D20736BA40008E677 /* WYCommon.swift */; };
		B2482BA4207376430008E677 /* WYUserAccount.swift in Sources */ = {isa = PBXBuildFile; fileRef = B2482BA3207376430008E677 /* WYUserAccount.swift */; };
		B2482BE320745ED40008E677 /* WYStatusCell.swift in Sources */ = {isa = PBXBuildFile; fileRef = B2482BE220745ED40008E677 /* WYStatusCell.swift */; };
		B2482BE520745EFD0008E677 /* WYstatusNormalCell.xib in Resources */ = {isa = PBXBuildFile; fileRef = B2482BE420745EFD0008E677 /* WYstatusNormalCell.xib */; };
		B2482BE720746ABE0008E677 /* WYShop.swift in Sources */ = {isa = PBXBuildFile; fileRef = B2482BE620746ABE0008E677 /* WYShop.swift */; };
		B25106F4207925C100E30B53 /* WYLoginViewController.swift in Sources */ = {isa = PBXBuildFile; fileRef = B25106F2207925C100E30B53 /* WYLoginViewController.swift */; };
		B25106F5207925C100E30B53 /* WYLoginViewController.xib in Resources */ = {isa = PBXBuildFile; fileRef = B25106F3207925C100E30B53 /* WYLoginViewController.xib */; };
		B273CED0203E75E400E57333 /* WYNetworkManager.swift in Sources */ = {isa = PBXBuildFile; fileRef = B273CECF203E75E400E57333 /* WYNetworkManager.swift */; };
		B29E36BF2079F81E00D8179F /* WYSignupViewController.swift in Sources */ = {isa = PBXBuildFile; fileRef = B29E36BD2079F81E00D8179F /* WYSignupViewController.swift */; };
		B29E36C02079F81E00D8179F /* WYSignupViewController.xib in Resources */ = {isa = PBXBuildFile; fileRef = B29E36BE2079F81E00D8179F /* WYSignupViewController.xib */; };
		B29E990F20274897004C7568 /* WYMainViewController.swift in Sources */ = {isa = PBXBuildFile; fileRef = B29E990E20274897004C7568 /* WYMainViewController.swift */; };
		B29E9911202748C0004C7568 /* WYNavigationController.swift in Sources */ = {isa = PBXBuildFile; fileRef = B29E9910202748C0004C7568 /* WYNavigationController.swift */; };
		B29E9913202748DB004C7568 /* WYBaseViewController.swift in Sources */ = {isa = PBXBuildFile; fileRef = B29E9912202748DB004C7568 /* WYBaseViewController.swift */; };
		B29E99152027491C004C7568 /* WYHomeViewController.swift in Sources */ = {isa = PBXBuildFile; fileRef = B29E99142027491C004C7568 /* WYHomeViewController.swift */; };
		B29E991720274934004C7568 /* WYProfileViewController.swift in Sources */ = {isa = PBXBuildFile; fileRef = B29E991620274934004C7568 /* WYProfileViewController.swift */; };
		B29E991920274945004C7568 /* WYMessageViewController.swift in Sources */ = {isa = PBXBuildFile; fileRef = B29E991820274945004C7568 /* WYMessageViewController.swift */; };
		B2D0852B2029B1FF0008BE84 /* Bundle+Extensions.swift in Sources */ = {isa = PBXBuildFile; fileRef = B2D0852A2029B1FF0008BE84 /* Bundle+Extensions.swift */; };
		B2D0852E202B0DF10008BE84 /* WYShoppingcartController.swift in Sources */ = {isa = PBXBuildFile; fileRef = B2D0852D202B0DF10008BE84 /* WYShoppingcartController.swift */; };
		B2D08531202B0E5E0008BE84 /* WYMapViewController.swift in Sources */ = {isa = PBXBuildFile; fileRef = B2D08530202B0E5E0008BE84 /* WYMapViewController.swift */; };
		B2D08534202B27B10008BE84 /* WYDemoViewController.swift in Sources */ = {isa = PBXBuildFile; fileRef = B2D08533202B27B10008BE84 /* WYDemoViewController.swift */; };
		B2D08536202B30790008BE84 /* UIBarButtonItem+Extensions.swift in Sources */ = {isa = PBXBuildFile; fileRef = B2D08535202B30790008BE84 /* UIBarButtonItem+Extensions.swift */; };
		B2E637D7208DC3970068761C /* WYEditProfileController.swift in Sources */ = {isa = PBXBuildFile; fileRef = B2E637D5208DC3970068761C /* WYEditProfileController.swift */; };
		B2E637D8208DC3970068761C /* WYEditProfileController.xib in Resources */ = {isa = PBXBuildFile; fileRef = B2E637D6208DC3970068761C /* WYEditProfileController.xib */; };
/* End PBXBuildFile section */

/* Begin PBXFileReference section */
		076963861DBEE6AE9FF68069 /* Pods-wy.debug.xcconfig */ = {isa = PBXFileReference; includeInIndex = 1; lastKnownFileType = text.xcconfig; name = "Pods-wy.debug.xcconfig"; path = "Pods/Target Support Files/Pods-wy/Pods-wy.debug.xcconfig"; sourceTree = "<group>"; };
		80A429094BC4FC0C2B2F72CB /* Pods-wy.release.xcconfig */ = {isa = PBXFileReference; includeInIndex = 1; lastKnownFileType = text.xcconfig; name = "Pods-wy.release.xcconfig"; path = "Pods/Target Support Files/Pods-wy/Pods-wy.release.xcconfig"; sourceTree = "<group>"; };
		96C523FCC5E356F81B2D2596 /* Pods_wy.framework */ = {isa = PBXFileReference; explicitFileType = wrapper.framework; includeInIndex = 0; path = Pods_wy.framework; sourceTree = BUILT_PRODUCTS_DIR; };
		B20C58AD202C16FB00706B8B /* wy-Bridging-Header.h */ = {isa = PBXFileReference; lastKnownFileType = sourcecode.c.h; path = "wy-Bridging-Header.h"; sourceTree = "<group>"; };
		B20C58AE202C16FC00706B8B /* UIViewController+CZAddition.m */ = {isa = PBXFileReference; fileEncoding = 4; lastKnownFileType = sourcecode.c.objc; path = "UIViewController+CZAddition.m"; sourceTree = "<group>"; };
		B20C58AF202C16FC00706B8B /* UIColor+CZAddition.m */ = {isa = PBXFileReference; fileEncoding = 4; lastKnownFileType = sourcecode.c.objc; path = "UIColor+CZAddition.m"; sourceTree = "<group>"; };
		B20C58B0202C16FC00706B8B /* UIView+CZAddition.m */ = {isa = PBXFileReference; fileEncoding = 4; lastKnownFileType = sourcecode.c.objc; path = "UIView+CZAddition.m"; sourceTree = "<group>"; };
		B20C58B1202C16FC00706B8B /* NSAttributedString+CZAdditon.h */ = {isa = PBXFileReference; fileEncoding = 4; lastKnownFileType = sourcecode.c.h; path = "NSAttributedString+CZAdditon.h"; sourceTree = "<group>"; };
		B20C58B2202C16FC00706B8B /* UIColor+CZAddition.h */ = {isa = PBXFileReference; fileEncoding = 4; lastKnownFileType = sourcecode.c.h; path = "UIColor+CZAddition.h"; sourceTree = "<group>"; };
		B20C58B3202C16FD00706B8B /* NSString+CZBase64.m */ = {isa = PBXFileReference; fileEncoding = 4; lastKnownFileType = sourcecode.c.objc; path = "NSString+CZBase64.m"; sourceTree = "<group>"; };
		B20C58B4202C16FD00706B8B /* UIScreen+CZAddition.m */ = {isa = PBXFileReference; fileEncoding = 4; lastKnownFileType = sourcecode.c.objc; path = "UIScreen+CZAddition.m"; sourceTree = "<group>"; };
		B20C58B5202C16FD00706B8B /* NSObject+CZRuntime.m */ = {isa = PBXFileReference; fileEncoding = 4; lastKnownFileType = sourcecode.c.objc; path = "NSObject+CZRuntime.m"; sourceTree = "<group>"; };
		B20C58B6202C16FD00706B8B /* UIButton+CZAddition.h */ = {isa = PBXFileReference; fileEncoding = 4; lastKnownFileType = sourcecode.c.h; path = "UIButton+CZAddition.h"; sourceTree = "<group>"; };
		B20C58B7202C16FD00706B8B /* NSArray+Log.h */ = {isa = PBXFileReference; fileEncoding = 4; lastKnownFileType = sourcecode.c.h; path = "NSArray+Log.h"; sourceTree = "<group>"; };
		B20C58B8202C16FD00706B8B /* NSAttributedString+CZAdditon.m */ = {isa = PBXFileReference; fileEncoding = 4; lastKnownFileType = sourcecode.c.objc; path = "NSAttributedString+CZAdditon.m"; sourceTree = "<group>"; };
		B20C58B9202C16FD00706B8B /* UIView+CZAddition.h */ = {isa = PBXFileReference; fileEncoding = 4; lastKnownFileType = sourcecode.c.h; path = "UIView+CZAddition.h"; sourceTree = "<group>"; };
		B20C58BA202C16FD00706B8B /* NSString+CZHash.h */ = {isa = PBXFileReference; fileEncoding = 4; lastKnownFileType = sourcecode.c.h; path = "NSString+CZHash.h"; sourceTree = "<group>"; };
		B20C58BB202C16FD00706B8B /* NSString+CZPath.h */ = {isa = PBXFileReference; fileEncoding = 4; lastKnownFileType = sourcecode.c.h; path = "NSString+CZPath.h"; sourceTree = "<group>"; };
		B20C58BC202C16FD00706B8B /* UIButton+CZAddition.m */ = {isa = PBXFileReference; fileEncoding = 4; lastKnownFileType = sourcecode.c.objc; path = "UIButton+CZAddition.m"; sourceTree = "<group>"; };
		B20C58BD202C16FD00706B8B /* NSObject+CZRuntime.h */ = {isa = PBXFileReference; fileEncoding = 4; lastKnownFileType = sourcecode.c.h; path = "NSObject+CZRuntime.h"; sourceTree = "<group>"; };
		B20C58BE202C16FD00706B8B /* UILabel+CZAddition.m */ = {isa = PBXFileReference; fileEncoding = 4; lastKnownFileType = sourcecode.c.objc; path = "UILabel+CZAddition.m"; sourceTree = "<group>"; };
		B20C58BF202C16FD00706B8B /* NSString+CZHash.m */ = {isa = PBXFileReference; fileEncoding = 4; lastKnownFileType = sourcecode.c.objc; path = "NSString+CZHash.m"; sourceTree = "<group>"; };
		B20C58C0202C16FD00706B8B /* UIScreen+CZAddition.h */ = {isa = PBXFileReference; fileEncoding = 4; lastKnownFileType = sourcecode.c.h; path = "UIScreen+CZAddition.h"; sourceTree = "<group>"; };
		B20C58C1202C16FE00706B8B /* UILabel+CZAddition.h */ = {isa = PBXFileReference; fileEncoding = 4; lastKnownFileType = sourcecode.c.h; path = "UILabel+CZAddition.h"; sourceTree = "<group>"; };
		B20C58C2202C16FE00706B8B /* NSString+CZBase64.h */ = {isa = PBXFileReference; fileEncoding = 4; lastKnownFileType = sourcecode.c.h; path = "NSString+CZBase64.h"; sourceTree = "<group>"; };
		B20C58C3202C16FE00706B8B /* UIViewController+CZAddition.h */ = {isa = PBXFileReference; fileEncoding = 4; lastKnownFileType = sourcecode.c.h; path = "UIViewController+CZAddition.h"; sourceTree = "<group>"; };
		B20C58C4202C16FE00706B8B /* NSArray+Log.m */ = {isa = PBXFileReference; fileEncoding = 4; lastKnownFileType = sourcecode.c.objc; path = "NSArray+Log.m"; sourceTree = "<group>"; };
		B20C58C5202C16FE00706B8B /* NSString+CZPath.m */ = {isa = PBXFileReference; fileEncoding = 4; lastKnownFileType = sourcecode.c.objc; path = "NSString+CZPath.m"; sourceTree = "<group>"; };
		B20C58C6202C16FE00706B8B /* CZAdditions.h */ = {isa = PBXFileReference; fileEncoding = 4; lastKnownFileType = sourcecode.c.h; path = CZAdditions.h; sourceTree = "<group>"; };
		B20C58D5202E935D00706B8B /* WYVistorView.swift */ = {isa = PBXFileReference; lastKnownFileType = sourcecode.swift; path = WYVistorView.swift; sourceTree = "<group>"; };
		B20C58D8203050EE00706B8B /* interface.json */ = {isa = PBXFileReference; fileEncoding = 4; lastKnownFileType = text.json; path = interface.json; sourceTree = "<group>"; };
		B218D750204FED43004C8E24 /* WYNetworkManager+Extension.swift */ = {isa = PBXFileReference; lastKnownFileType = sourcecode.swift; path = "WYNetworkManager+Extension.swift"; sourceTree = "<group>"; };
		B21CC3E22027135000ABC0A4 /* wy.app */ = {isa = PBXFileReference; explicitFileType = wrapper.application; includeInIndex = 0; path = wy.app; sourceTree = BUILT_PRODUCTS_DIR; };
		B21CC3E52027135000ABC0A4 /* AppDelegate.swift */ = {isa = PBXFileReference; lastKnownFileType = sourcecode.swift; path = AppDelegate.swift; sourceTree = "<group>"; };
		B21CC3EC2027135000ABC0A4 /* Assets.xcassets */ = {isa = PBXFileReference; lastKnownFileType = folder.assetcatalog; path = Assets.xcassets; sourceTree = "<group>"; };
		B21CC3EF2027135000ABC0A4 /* Base */ = {isa = PBXFileReference; lastKnownFileType = file.storyboard; name = Base; path = Base.lproj/LaunchScreen.storyboard; sourceTree = "<group>"; };
		B21CC3F12027135000ABC0A4 /* Info.plist */ = {isa = PBXFileReference; lastKnownFileType = text.plist.xml; path = Info.plist; sourceTree = "<group>"; };
		B21F53AA2077BF880059B390 /* WYShoppingCartNormalCell.xib */ = {isa = PBXFileReference; lastKnownFileType = file.xib; path = WYShoppingCartNormalCell.xib; sourceTree = "<group>"; };
		B21F53AE2077C9D60059B390 /* WYShoppingCartCell.swift */ = {isa = PBXFileReference; lastKnownFileType = sourcecode.swift; path = WYShoppingCartCell.swift; sourceTree = "<group>"; };
		B22DE48F2058290F00FD568A /* WYShoppingCartStatus.swift */ = {isa = PBXFileReference; lastKnownFileType = sourcecode.swift; path = WYShoppingCartStatus.swift; sourceTree = "<group>"; };
		B22DE4912058B93000FD568A /* WYStatusListViewModel.swift */ = {isa = PBXFileReference; lastKnownFileType = sourcecode.swift; path = WYStatusListViewModel.swift; sourceTree = "<group>"; };
		B24413D82085EE0700A773BA /* WYOrderCell.swift */ = {isa = PBXFileReference; lastKnownFileType = sourcecode.swift; path = WYOrderCell.swift; sourceTree = "<group>"; };
		B24413D92085EE0700A773BA /* WYOrderCell.xib */ = {isa = PBXFileReference; lastKnownFileType = file.xib; path = WYOrderCell.xib; sourceTree = "<group>"; };
		B24413DE2085F12C00A773BA /* WYOrderState.swift */ = {isa = PBXFileReference; lastKnownFileType = sourcecode.swift; path = WYOrderState.swift; sourceTree = "<group>"; };
		B24413E7208867FC00A773BA /* WYOrderDetail.swift */ = {isa = PBXFileReference; lastKnownFileType = sourcecode.swift; path = WYOrderDetail.swift; sourceTree = "<group>"; };
		B24413F7208A455E00A773BA /* WYDetailController.swift */ = {isa = PBXFileReference; lastKnownFileType = sourcecode.swift; path = WYDetailController.swift; sourceTree = "<group>"; };
		B24413FB208A4B0800A773BA /* WYOrderDetailCell.swift */ = {isa = PBXFileReference; lastKnownFileType = sourcecode.swift; path = WYOrderDetailCell.swift; sourceTree = "<group>"; };
		B24413FC208A4B0800A773BA /* WYOrderDetailCell.xib */ = {isa = PBXFileReference; lastKnownFileType = file.xib; path = WYOrderDetailCell.xib; sourceTree = "<group>"; };
		B24413FF208ADD6A00A773BA /* Singleton.swift */ = {isa = PBXFileReference; lastKnownFileType = sourcecode.swift; path = Singleton.swift; sourceTree = "<group>"; };
		B2482B9D20736BA40008E677 /* WYCommon.swift */ = {isa = PBXFileReference; lastKnownFileType = sourcecode.swift; path = WYCommon.swift; sourceTree = "<group>"; };
		B2482BA3207376430008E677 /* WYUserAccount.swift */ = {isa = PBXFileReference; lastKnownFileType = sourcecode.swift; path = WYUserAccount.swift; sourceTree = "<group>"; };
		B2482BE220745ED40008E677 /* WYStatusCell.swift */ = {isa = PBXFileReference; lastKnownFileType = sourcecode.swift; path = WYStatusCell.swift; sourceTree = "<group>"; };
		B2482BE420745EFD0008E677 /* WYstatusNormalCell.xib */ = {isa = PBXFileReference; lastKnownFileType = file.xib; path = WYstatusNormalCell.xib; sourceTree = "<group>"; };
		B2482BE620746ABE0008E677 /* WYShop.swift */ = {isa = PBXFileReference; lastKnownFileType = sourcecode.swift; path = WYShop.swift; sourceTree = "<group>"; };
		B25106F2207925C100E30B53 /* WYLoginViewController.swift */ = {isa = PBXFileReference; lastKnownFileType = sourcecode.swift; path = WYLoginViewController.swift; sourceTree = "<group>"; };
		B25106F3207925C100E30B53 /* WYLoginViewController.xib */ = {isa = PBXFileReference; lastKnownFileType = file.xib; path = WYLoginViewController.xib; sourceTree = "<group>"; };
		B273CECF203E75E400E57333 /* WYNetworkManager.swift */ = {isa = PBXFileReference; lastKnownFileType = sourcecode.swift; path = WYNetworkManager.swift; sourceTree = "<group>"; };
		B29E36BD2079F81E00D8179F /* WYSignupViewController.swift */ = {isa = PBXFileReference; lastKnownFileType = sourcecode.swift; path = WYSignupViewController.swift; sourceTree = "<group>"; };
		B29E36BE2079F81E00D8179F /* WYSignupViewController.xib */ = {isa = PBXFileReference; lastKnownFileType = file.xib; path = WYSignupViewController.xib; sourceTree = "<group>"; };
		B29E990E20274897004C7568 /* WYMainViewController.swift */ = {isa = PBXFileReference; lastKnownFileType = sourcecode.swift; path = WYMainViewController.swift; sourceTree = "<group>"; };
		B29E9910202748C0004C7568 /* WYNavigationController.swift */ = {isa = PBXFileReference; lastKnownFileType = sourcecode.swift; path = WYNavigationController.swift; sourceTree = "<group>"; };
		B29E9912202748DB004C7568 /* WYBaseViewController.swift */ = {isa = PBXFileReference; lastKnownFileType = sourcecode.swift; path = WYBaseViewController.swift; sourceTree = "<group>"; };
		B29E99142027491C004C7568 /* WYHomeViewController.swift */ = {isa = PBXFileReference; lastKnownFileType = sourcecode.swift; path = WYHomeViewController.swift; sourceTree = "<group>"; };
		B29E991620274934004C7568 /* WYProfileViewController.swift */ = {isa = PBXFileReference; lastKnownFileType = sourcecode.swift; path = WYProfileViewController.swift; sourceTree = "<group>"; };
		B29E991820274945004C7568 /* WYMessageViewController.swift */ = {isa = PBXFileReference; lastKnownFileType = sourcecode.swift; path = WYMessageViewController.swift; sourceTree = "<group>"; };
		B2D0852A2029B1FF0008BE84 /* Bundle+Extensions.swift */ = {isa = PBXFileReference; lastKnownFileType = sourcecode.swift; path = "Bundle+Extensions.swift"; sourceTree = "<group>"; };
		B2D0852D202B0DF10008BE84 /* WYShoppingcartController.swift */ = {isa = PBXFileReference; lastKnownFileType = sourcecode.swift; path = WYShoppingcartController.swift; sourceTree = "<group>"; };
		B2D08530202B0E5E0008BE84 /* WYMapViewController.swift */ = {isa = PBXFileReference; lastKnownFileType = sourcecode.swift; path = WYMapViewController.swift; sourceTree = "<group>"; };
		B2D08533202B27B10008BE84 /* WYDemoViewController.swift */ = {isa = PBXFileReference; lastKnownFileType = sourcecode.swift; path = WYDemoViewController.swift; sourceTree = "<group>"; };
		B2D08535202B30790008BE84 /* UIBarButtonItem+Extensions.swift */ = {isa = PBXFileReference; lastKnownFileType = sourcecode.swift; path = "UIBarButtonItem+Extensions.swift"; sourceTree = "<group>"; };
		B2E637D5208DC3970068761C /* WYEditProfileController.swift */ = {isa = PBXFileReference; lastKnownFileType = sourcecode.swift; path = WYEditProfileController.swift; sourceTree = "<group>"; };
		B2E637D6208DC3970068761C /* WYEditProfileController.xib */ = {isa = PBXFileReference; lastKnownFileType = file.xib; path = WYEditProfileController.xib; sourceTree = "<group>"; };
/* End PBXFileReference section */

/* Begin PBXFrameworksBuildPhase section */
		B21CC3DF2027135000ABC0A4 /* Frameworks */ = {
			isa = PBXFrameworksBuildPhase;
			buildActionMask = 2147483647;
			files = (
				25A02F760E80ACC28B43F0A2 /* Pods_wy.framework in Frameworks */,
			);
			runOnlyForDeploymentPostprocessing = 0;
		};
/* End PBXFrameworksBuildPhase section */

/* Begin PBXGroup section */
		7E8118CDFD444101CD7A5C6A /* Pods */ = {
			isa = PBXGroup;
			children = (
				076963861DBEE6AE9FF68069 /* Pods-wy.debug.xcconfig */,
				80A429094BC4FC0C2B2F72CB /* Pods-wy.release.xcconfig */,
			);
			name = Pods;
			sourceTree = "<group>";
		};
		B20C58AC202C166D00706B8B /* Additions */ = {
			isa = PBXGroup;
			children = (
				B20C58C6202C16FE00706B8B /* CZAdditions.h */,
				B20C58B7202C16FD00706B8B /* NSArray+Log.h */,
				B20C58C4202C16FE00706B8B /* NSArray+Log.m */,
				B20C58B1202C16FC00706B8B /* NSAttributedString+CZAdditon.h */,
				B20C58B8202C16FD00706B8B /* NSAttributedString+CZAdditon.m */,
				B20C58BD202C16FD00706B8B /* NSObject+CZRuntime.h */,
				B20C58B5202C16FD00706B8B /* NSObject+CZRuntime.m */,
				B20C58C2202C16FE00706B8B /* NSString+CZBase64.h */,
				B20C58B3202C16FD00706B8B /* NSString+CZBase64.m */,
				B20C58BA202C16FD00706B8B /* NSString+CZHash.h */,
				B20C58BF202C16FD00706B8B /* NSString+CZHash.m */,
				B20C58BB202C16FD00706B8B /* NSString+CZPath.h */,
				B20C58C5202C16FE00706B8B /* NSString+CZPath.m */,
				B20C58B6202C16FD00706B8B /* UIButton+CZAddition.h */,
				B20C58BC202C16FD00706B8B /* UIButton+CZAddition.m */,
				B20C58B2202C16FC00706B8B /* UIColor+CZAddition.h */,
				B20C58AF202C16FC00706B8B /* UIColor+CZAddition.m */,
				B20C58C1202C16FE00706B8B /* UILabel+CZAddition.h */,
				B20C58BE202C16FD00706B8B /* UILabel+CZAddition.m */,
				B20C58C0202C16FD00706B8B /* UIScreen+CZAddition.h */,
				B20C58B4202C16FD00706B8B /* UIScreen+CZAddition.m */,
				B20C58B9202C16FD00706B8B /* UIView+CZAddition.h */,
				B20C58B0202C16FC00706B8B /* UIView+CZAddition.m */,
				B20C58C3202C16FE00706B8B /* UIViewController+CZAddition.h */,
				B20C58AE202C16FC00706B8B /* UIViewController+CZAddition.m */,
			);
			path = Additions;
			sourceTree = "<group>";
		};
		B20C58D7202E936A00706B8B /* VisitorView */ = {
			isa = PBXGroup;
			children = (
				B20C58D5202E935D00706B8B /* WYVistorView.swift */,
			);
			name = VisitorView;
			path = "New Group";
			sourceTree = "<group>";
		};
		B21CC3D92027135000ABC0A4 = {
			isa = PBXGroup;
			children = (
				B21CC3E42027135000ABC0A4 /* wy */,
				B21CC3E32027135000ABC0A4 /* Products */,
				7E8118CDFD444101CD7A5C6A /* Pods */,
				BF0694CE454C65C85A442E7D /* Frameworks */,
			);
			sourceTree = "<group>";
		};
		B21CC3E32027135000ABC0A4 /* Products */ = {
			isa = PBXGroup;
			children = (
				B21CC3E22027135000ABC0A4 /* wy.app */,
			);
			name = Products;
			sourceTree = "<group>";
		};
		B21CC3E42027135000ABC0A4 /* wy */ = {
			isa = PBXGroup;
			children = (
				B20C58AD202C16FB00706B8B /* wy-Bridging-Header.h */,
				B29E990A202747C0004C7568 /* Classes */,
				B21CC3E52027135000ABC0A4 /* AppDelegate.swift */,
				B21CC3EC2027135000ABC0A4 /* Assets.xcassets */,
				B21CC3EE2027135000ABC0A4 /* LaunchScreen.storyboard */,
				B21CC3F12027135000ABC0A4 /* Info.plist */,
			);
			path = wy;
			sourceTree = "<group>";
		};
		B21F53A72077BF1C0059B390 /* ShopCell */ = {
			isa = PBXGroup;
			children = (
				B21F53AA2077BF880059B390 /* WYShoppingCartNormalCell.xib */,
				B21F53AE2077C9D60059B390 /* WYShoppingCartCell.swift */,
			);
			path = ShopCell;
			sourceTree = "<group>";
		};
		B24413DC2085EE1600A773BA /* OrderCell */ = {
			isa = PBXGroup;
			children = (
				B24413D82085EE0700A773BA /* WYOrderCell.swift */,
				B24413D92085EE0700A773BA /* WYOrderCell.xib */,
			);
			path = OrderCell;
			sourceTree = "<group>";
		};
		B24413E020874D1B00A773BA /* WYDetail */ = {
			isa = PBXGroup;
			children = (
				B24413F7208A455E00A773BA /* WYDetailController.swift */,
				B24413FB208A4B0800A773BA /* WYOrderDetailCell.swift */,
				B24413FC208A4B0800A773BA /* WYOrderDetailCell.xib */,
			);
			path = WYDetail;
			sourceTree = "<group>";
		};
		B2482B9F207370290008E677 /* auth */ = {
			isa = PBXGroup;
			children = (
				B25106F2207925C100E30B53 /* WYLoginViewController.swift */,
				B25106F3207925C100E30B53 /* WYLoginViewController.xib */,
				B29E36BD2079F81E00D8179F /* WYSignupViewController.swift */,
				B29E36BE2079F81E00D8179F /* WYSignupViewController.xib */,
			);
			path = auth;
			sourceTree = "<group>";
		};
		B2482BA2207375FF0008E677 /* Model */ = {
			isa = PBXGroup;
			children = (
				B273CECF203E75E400E57333 /* WYNetworkManager.swift */,
				B2482BA3207376430008E677 /* WYUserAccount.swift */,
				B218D750204FED43004C8E24 /* WYNetworkManager+Extension.swift */,
			);
			path = Model;
			sourceTree = "<group>";
		};
		B2482BE120745E580008E677 /* StatusCell */ = {
			isa = PBXGroup;
			children = (
				B2482BE220745ED40008E677 /* WYStatusCell.swift */,
				B2482BE420745EFD0008E677 /* WYstatusNormalCell.xib */,
			);
			path = StatusCell;
			sourceTree = "<group>";
		};
		B273CECE203E759000E57333 /* Network */ = {
			isa = PBXGroup;
			children = (
				B2482BA2207375FF0008E677 /* Model */,
			);
			path = Network;
			sourceTree = "<group>";
		};
		B29E990520274745004C7568 /* View */ = {
			isa = PBXGroup;
			children = (
				B29E990620274751004C7568 /* Main */,
				B29E99072027475B004C7568 /* Home */,
				B2D0852F202B0E280008BE84 /* Map */,
				B29E99092027479C004C7568 /* Message */,
				B2D0852C202B0D740008BE84 /* Shoppingcart  */,
				B29E99082027476E004C7568 /* Profile */,
			);
			path = View;
			sourceTree = "<group>";
		};
		B29E990620274751004C7568 /* Main */ = {
			isa = PBXGroup;
			children = (
				B2482B9F207370290008E677 /* auth */,
				B2D08532202B275D0008BE84 /* demo */,
				B20C58D7202E936A00706B8B /* VisitorView */,
				B20C58D8203050EE00706B8B /* interface.json */,
				B29E990E20274897004C7568 /* WYMainViewController.swift */,
				B29E9910202748C0004C7568 /* WYNavigationController.swift */,
				B29E9912202748DB004C7568 /* WYBaseViewController.swift */,
			);
			path = Main;
			sourceTree = "<group>";
		};
		B29E99072027475B004C7568 /* Home */ = {
			isa = PBXGroup;
			children = (
				B2482BE120745E580008E677 /* StatusCell */,
				B29E99142027491C004C7568 /* WYHomeViewController.swift */,
			);
			path = Home;
			sourceTree = "<group>";
		};
		B29E99082027476E004C7568 /* Profile */ = {
			isa = PBXGroup;
			children = (
				B2E637D9208DC39F0068761C /* EditProfile */,
				B24413E020874D1B00A773BA /* WYDetail */,
				B24413DC2085EE1600A773BA /* OrderCell */,
				B29E991620274934004C7568 /* WYProfileViewController.swift */,
				B24413FF208ADD6A00A773BA /* Singleton.swift */,
			);
			path = Profile;
			sourceTree = "<group>";
		};
		B29E99092027479C004C7568 /* Message */ = {
			isa = PBXGroup;
			children = (
				B29E991820274945004C7568 /* WYMessageViewController.swift */,
			);
			path = Message;
			sourceTree = "<group>";
		};
		B29E990A202747C0004C7568 /* Classes */ = {
			isa = PBXGroup;
			children = (
				B29E990520274745004C7568 /* View */,
				B29E990C202747FD004C7568 /* Model */,
				B29E990B202747E6004C7568 /* ViewModel */,
				B29E990D20274826004C7568 /* Tools */,
			);
			path = Classes;
			sourceTree = "<group>";
		};
		B29E990B202747E6004C7568 /* ViewModel */ = {
			isa = PBXGroup;
			children = (
				B22DE4912058B93000FD568A /* WYStatusListViewModel.swift */,
			);
			path = ViewModel;
			sourceTree = "<group>";
		};
		B29E990C202747FD004C7568 /* Model */ = {
			isa = PBXGroup;
			children = (
				B22DE48F2058290F00FD568A /* WYShoppingCartStatus.swift */,
				B2482BE620746ABE0008E677 /* WYShop.swift */,
				B24413DE2085F12C00A773BA /* WYOrderState.swift */,
				B24413E7208867FC00A773BA /* WYOrderDetail.swift */,
			);
			path = Model;
			sourceTree = "<group>";
		};
		B29E990D20274826004C7568 /* Tools */ = {
			isa = PBXGroup;
			children = (
				B273CECE203E759000E57333 /* Network */,
				B20C58AC202C166D00706B8B /* Additions */,
				B2D085292029B19F0008BE84 /* Extensions */,
				B2482B9D20736BA40008E677 /* WYCommon.swift */,
			);
			path = Tools;
			sourceTree = "<group>";
		};
		B2D085292029B19F0008BE84 /* Extensions */ = {
			isa = PBXGroup;
			children = (
				B2D0852A2029B1FF0008BE84 /* Bundle+Extensions.swift */,
				B2D08535202B30790008BE84 /* UIBarButtonItem+Extensions.swift */,
			);
			path = Extensions;
			sourceTree = "<group>";
		};
		B2D0852C202B0D740008BE84 /* Shoppingcart  */ = {
			isa = PBXGroup;
			children = (
				B21F53A72077BF1C0059B390 /* ShopCell */,
				B2D0852D202B0DF10008BE84 /* WYShoppingcartController.swift */,
			);
			path = "Shoppingcart ";
			sourceTree = "<group>";
		};
		B2D0852F202B0E280008BE84 /* Map */ = {
			isa = PBXGroup;
			children = (
				B2D08530202B0E5E0008BE84 /* WYMapViewController.swift */,
			);
			path = Map;
			sourceTree = "<group>";
		};
		B2D08532202B275D0008BE84 /* demo */ = {
			isa = PBXGroup;
			children = (
				B2D08533202B27B10008BE84 /* WYDemoViewController.swift */,
			);
			path = demo;
			sourceTree = "<group>";
		};
		B2E637D9208DC39F0068761C /* EditProfile */ = {
			isa = PBXGroup;
			children = (
				B2E637D5208DC3970068761C /* WYEditProfileController.swift */,
				B2E637D6208DC3970068761C /* WYEditProfileController.xib */,
			);
			path = EditProfile;
			sourceTree = "<group>";
		};
		BF0694CE454C65C85A442E7D /* Frameworks */ = {
			isa = PBXGroup;
			children = (
				96C523FCC5E356F81B2D2596 /* Pods_wy.framework */,
			);
			name = Frameworks;
			sourceTree = "<group>";
		};
/* End PBXGroup section */

/* Begin PBXNativeTarget section */
		B21CC3E12027135000ABC0A4 /* wy */ = {
			isa = PBXNativeTarget;
			buildConfigurationList = B21CC3F42027135000ABC0A4 /* Build configuration list for PBXNativeTarget "wy" */;
			buildPhases = (
				FEB87002AA149802225B5A88 /* [CP] Check Pods Manifest.lock */,
				B21CC3DE2027135000ABC0A4 /* Sources */,
				B21CC3DF2027135000ABC0A4 /* Frameworks */,
				B21CC3E02027135000ABC0A4 /* Resources */,
				2BAD82F866B0130DAF4B6300 /* [CP] Embed Pods Frameworks */,
				F4A260E9950469751723B958 /* [CP] Copy Pods Resources */,
			);
			buildRules = (
			);
			dependencies = (
			);
			name = wy;
			productName = wy;
			productReference = B21CC3E22027135000ABC0A4 /* wy.app */;
			productType = "com.apple.product-type.application";
		};
/* End PBXNativeTarget section */

/* Begin PBXProject section */
		B21CC3DA2027135000ABC0A4 /* Project object */ = {
			isa = PBXProject;
			attributes = {
				CLASSPREFIX = WY;
				LastSwiftUpdateCheck = 0920;
				LastUpgradeCheck = 0920;
				ORGANIZATIONNAME = chu;
				TargetAttributes = {
					B21CC3E12027135000ABC0A4 = {
						CreatedOnToolsVersion = 9.2;
						LastSwiftMigration = 0920;
						ProvisioningStyle = Automatic;
					};
				};
			};
			buildConfigurationList = B21CC3DD2027135000ABC0A4 /* Build configuration list for PBXProject "wy" */;
			compatibilityVersion = "Xcode 8.0";
			developmentRegion = en;
			hasScannedForEncodings = 0;
			knownRegions = (
				en,
				Base,
			);
			mainGroup = B21CC3D92027135000ABC0A4;
			productRefGroup = B21CC3E32027135000ABC0A4 /* Products */;
			projectDirPath = "";
			projectRoot = "";
			targets = (
				B21CC3E12027135000ABC0A4 /* wy */,
			);
		};
/* End PBXProject section */

/* Begin PBXResourcesBuildPhase section */
		B21CC3E02027135000ABC0A4 /* Resources */ = {
			isa = PBXResourcesBuildPhase;
			buildActionMask = 2147483647;
			files = (
				B29E36C02079F81E00D8179F /* WYSignupViewController.xib in Resources */,
				B2482BE520745EFD0008E677 /* WYstatusNormalCell.xib in Resources */,
				B20C58D9203050EE00706B8B /* interface.json in Resources */,
				B2E637D8208DC3970068761C /* WYEditProfileController.xib in Resources */,
				B25106F5207925C100E30B53 /* WYLoginViewController.xib in Resources */,
				B24413DB2085EE0700A773BA /* WYOrderCell.xib in Resources */,
				B21CC3F02027135000ABC0A4 /* LaunchScreen.storyboard in Resources */,
				B21F53AB2077BF880059B390 /* WYShoppingCartNormalCell.xib in Resources */,
				B24413FE208A4B0800A773BA /* WYOrderDetailCell.xib in Resources */,
				B21CC3ED2027135000ABC0A4 /* Assets.xcassets in Resources */,
			);
			runOnlyForDeploymentPostprocessing = 0;
		};
/* End PBXResourcesBuildPhase section */

/* Begin PBXShellScriptBuildPhase section */
		2BAD82F866B0130DAF4B6300 /* [CP] Embed Pods Frameworks */ = {
			isa = PBXShellScriptBuildPhase;
			buildActionMask = 2147483647;
			files = (
			);
			inputPaths = (
				"${SRCROOT}/Pods/Target Support Files/Pods-wy/Pods-wy-frameworks.sh",
				"${BUILT_PRODUCTS_DIR}/AFNetworking/AFNetworking.framework",
				"${BUILT_PRODUCTS_DIR}/FMDB/FMDB.framework",
				"${BUILT_PRODUCTS_DIR}/SDWebImage/SDWebImage.framework",
				"${BUILT_PRODUCTS_DIR}/SVProgressHUD/SVProgressHUD.framework",
				"${BUILT_PRODUCTS_DIR}/YYModel/YYModel.framework",
				"${BUILT_PRODUCTS_DIR}/pop/pop.framework",
			);
			name = "[CP] Embed Pods Frameworks";
			outputPaths = (
				"${TARGET_BUILD_DIR}/${FRAMEWORKS_FOLDER_PATH}/AFNetworking.framework",
				"${TARGET_BUILD_DIR}/${FRAMEWORKS_FOLDER_PATH}/FMDB.framework",
				"${TARGET_BUILD_DIR}/${FRAMEWORKS_FOLDER_PATH}/SDWebImage.framework",
				"${TARGET_BUILD_DIR}/${FRAMEWORKS_FOLDER_PATH}/SVProgressHUD.framework",
				"${TARGET_BUILD_DIR}/${FRAMEWORKS_FOLDER_PATH}/YYModel.framework",
				"${TARGET_BUILD_DIR}/${FRAMEWORKS_FOLDER_PATH}/pop.framework",
			);
			runOnlyForDeploymentPostprocessing = 0;
			shellPath = /bin/sh;
			shellScript = "\"${SRCROOT}/Pods/Target Support Files/Pods-wy/Pods-wy-frameworks.sh\"\n";
			showEnvVarsInLog = 0;
		};
		F4A260E9950469751723B958 /* [CP] Copy Pods Resources */ = {
			isa = PBXShellScriptBuildPhase;
			buildActionMask = 2147483647;
			files = (
			);
			inputPaths = (
				"${SRCROOT}/Pods/Target Support Files/Pods-wy/Pods-wy-resources.sh",
				"${PODS_ROOT}/AMap2DMap/MAMapKit.framework/AMap.bundle",
			);
			name = "[CP] Copy Pods Resources";
			outputPaths = (
				"${TARGET_BUILD_DIR}/${UNLOCALIZED_RESOURCES_FOLDER_PATH}/AMap.bundle",
			);
			runOnlyForDeploymentPostprocessing = 0;
			shellPath = /bin/sh;
			shellScript = "\"${SRCROOT}/Pods/Target Support Files/Pods-wy/Pods-wy-resources.sh\"\n";
			showEnvVarsInLog = 0;
		};
		FEB87002AA149802225B5A88 /* [CP] Check Pods Manifest.lock */ = {
			isa = PBXShellScriptBuildPhase;
			buildActionMask = 2147483647;
			files = (
			);
			inputPaths = (
				"${PODS_PODFILE_DIR_PATH}/Podfile.lock",
				"${PODS_ROOT}/Manifest.lock",
			);
			name = "[CP] Check Pods Manifest.lock";
			outputPaths = (
				"$(DERIVED_FILE_DIR)/Pods-wy-checkManifestLockResult.txt",
			);
			runOnlyForDeploymentPostprocessing = 0;
			shellPath = /bin/sh;
			shellScript = "diff \"${PODS_PODFILE_DIR_PATH}/Podfile.lock\" \"${PODS_ROOT}/Manifest.lock\" > /dev/null\nif [ $? != 0 ] ; then\n    # print error to STDERR\n    echo \"error: The sandbox is not in sync with the Podfile.lock. Run 'pod install' or update your CocoaPods installation.\" >&2\n    exit 1\nfi\n# This output is used by Xcode 'outputs' to avoid re-running this script phase.\necho \"SUCCESS\" > \"${SCRIPT_OUTPUT_FILE_0}\"\n";
			showEnvVarsInLog = 0;
		};
/* End PBXShellScriptBuildPhase section */

/* Begin PBXSourcesBuildPhase section */
		B21CC3DE2027135000ABC0A4 /* Sources */ = {
			isa = PBXSourcesBuildPhase;
			buildActionMask = 2147483647;
			files = (
				B24413DF2085F12C00A773BA /* WYOrderState.swift in Sources */,
				B2441400208ADD6A00A773BA /* Singleton.swift in Sources */,
				B22DE4922058B93000FD568A /* WYStatusListViewModel.swift in Sources */,
				B20C58C8202C16FE00706B8B /* UIColor+CZAddition.m in Sources */,
				B273CED0203E75E400E57333 /* WYNetworkManager.swift in Sources */,
				B20C58D2202C16FE00706B8B /* NSString+CZPath.m in Sources */,
				B24413E8208867FC00A773BA /* WYOrderDetail.swift in Sources */,
				B25106F4207925C100E30B53 /* WYLoginViewController.swift in Sources */,
				B20C58C7202C16FE00706B8B /* UIViewController+CZAddition.m in Sources */,
				B20C58CE202C16FE00706B8B /* UIButton+CZAddition.m in Sources */,
				B20C58CF202C16FE00706B8B /* UILabel+CZAddition.m in Sources */,
				B2D08536202B30790008BE84 /* UIBarButtonItem+Extensions.swift in Sources */,
				B20C58CA202C16FE00706B8B /* NSString+CZBase64.m in Sources */,
				B24413FD208A4B0800A773BA /* WYOrderDetailCell.swift in Sources */,
				B20C58D1202C16FE00706B8B /* NSArray+Log.m in Sources */,
				B2482BA4207376430008E677 /* WYUserAccount.swift in Sources */,
				B2482BE720746ABE0008E677 /* WYShop.swift in Sources */,
				B2482BE320745ED40008E677 /* WYStatusCell.swift in Sources */,
				B20C58D0202C16FE00706B8B /* NSString+CZHash.m in Sources */,
				B20C58CD202C16FE00706B8B /* NSAttributedString+CZAdditon.m in Sources */,
				B29E36BF2079F81E00D8179F /* WYSignupViewController.swift in Sources */,
				B2D0852E202B0DF10008BE84 /* WYShoppingcartController.swift in Sources */,
				B2E637D7208DC3970068761C /* WYEditProfileController.swift in Sources */,
				B20C58CC202C16FE00706B8B /* NSObject+CZRuntime.m in Sources */,
				B29E9911202748C0004C7568 /* WYNavigationController.swift in Sources */,
				B21CC3E62027135000ABC0A4 /* AppDelegate.swift in Sources */,
				B24413DA2085EE0700A773BA /* WYOrderCell.swift in Sources */,
				B29E991720274934004C7568 /* WYProfileViewController.swift in Sources */,
				B218D751204FED43004C8E24 /* WYNetworkManager+Extension.swift in Sources */,
				B24413F9208A455E00A773BA /* WYDetailController.swift in Sources */,
				B20C58CB202C16FE00706B8B /* UIScreen+CZAddition.m in Sources */,
				B29E991920274945004C7568 /* WYMessageViewController.swift in Sources */,
				B20C58D6202E935D00706B8B /* WYVistorView.swift in Sources */,
				B29E990F20274897004C7568 /* WYMainViewController.swift in Sources */,
				B20C58C9202C16FE00706B8B /* UIView+CZAddition.m in Sources */,
				B29E9913202748DB004C7568 /* WYBaseViewController.swift in Sources */,
				B2482B9E20736BA40008E677 /* WYCommon.swift in Sources */,
				B2D08534202B27B10008BE84 /* WYDemoViewController.swift in Sources */,
				B29E99152027491C004C7568 /* WYHomeViewController.swift in Sources */,
				B21F53AF2077C9D60059B390 /* WYShoppingCartCell.swift in Sources */,
				B2D0852B2029B1FF0008BE84 /* Bundle+Extensions.swift in Sources */,
				B2D08531202B0E5E0008BE84 /* WYMapViewController.swift in Sources */,
				B22DE4902058290F00FD568A /* WYShoppingCartStatus.swift in Sources */,
			);
			runOnlyForDeploymentPostprocessing = 0;
		};
/* End PBXSourcesBuildPhase section */

/* Begin PBXVariantGroup section */
		B21CC3EE2027135000ABC0A4 /* LaunchScreen.storyboard */ = {
			isa = PBXVariantGroup;
			children = (
				B21CC3EF2027135000ABC0A4 /* Base */,
			);
			name = LaunchScreen.storyboard;
			sourceTree = "<group>";
		};
/* End PBXVariantGroup section */

/* Begin XCBuildConfiguration section */
		B21CC3F22027135000ABC0A4 /* Debug */ = {
			isa = XCBuildConfiguration;
			buildSettings = {
				ALWAYS_SEARCH_USER_PATHS = NO;
				CLANG_ANALYZER_NONNULL = YES;
				CLANG_ANALYZER_NUMBER_OBJECT_CONVERSION = YES_AGGRESSIVE;
				CLANG_CXX_LANGUAGE_STANDARD = "gnu++14";
				CLANG_CXX_LIBRARY = "libc++";
				CLANG_ENABLE_MODULES = YES;
				CLANG_ENABLE_OBJC_ARC = YES;
				CLANG_WARN_BLOCK_CAPTURE_AUTORELEASING = YES;
				CLANG_WARN_BOOL_CONVERSION = YES;
				CLANG_WARN_COMMA = YES;
				CLANG_WARN_CONSTANT_CONVERSION = YES;
				CLANG_WARN_DIRECT_OBJC_ISA_USAGE = YES_ERROR;
				CLANG_WARN_DOCUMENTATION_COMMENTS = YES;
				CLANG_WARN_EMPTY_BODY = YES;
				CLANG_WARN_ENUM_CONVERSION = YES;
				CLANG_WARN_INFINITE_RECURSION = YES;
				CLANG_WARN_INT_CONVERSION = YES;
				CLANG_WARN_NON_LITERAL_NULL_CONVERSION = YES;
				CLANG_WARN_OBJC_LITERAL_CONVERSION = YES;
				CLANG_WARN_OBJC_ROOT_CLASS = YES_ERROR;
				CLANG_WARN_RANGE_LOOP_ANALYSIS = YES;
				CLANG_WARN_STRICT_PROTOTYPES = YES;
				CLANG_WARN_SUSPICIOUS_MOVE = YES;
				CLANG_WARN_UNGUARDED_AVAILABILITY = YES_AGGRESSIVE;
				CLANG_WARN_UNREACHABLE_CODE = YES;
				CLANG_WARN__DUPLICATE_METHOD_MATCH = YES;
				CODE_SIGN_IDENTITY = "iPhone Developer";
				COPY_PHASE_STRIP = NO;
				DEBUG_INFORMATION_FORMAT = dwarf;
				ENABLE_STRICT_OBJC_MSGSEND = YES;
				ENABLE_TESTABILITY = YES;
				GCC_C_LANGUAGE_STANDARD = gnu11;
				GCC_DYNAMIC_NO_PIC = NO;
				GCC_NO_COMMON_BLOCKS = YES;
				GCC_OPTIMIZATION_LEVEL = 0;
				GCC_PREPROCESSOR_DEFINITIONS = (
					"DEBUG=1",
					"$(inherited)",
				);
				GCC_WARN_64_TO_32_BIT_CONVERSION = YES;
				GCC_WARN_ABOUT_RETURN_TYPE = YES_ERROR;
				GCC_WARN_UNDECLARED_SELECTOR = YES;
				GCC_WARN_UNINITIALIZED_AUTOS = YES_AGGRESSIVE;
				GCC_WARN_UNUSED_FUNCTION = YES;
				GCC_WARN_UNUSED_VARIABLE = YES;
				IPHONEOS_DEPLOYMENT_TARGET = 11.2;
				MTL_ENABLE_DEBUG_INFO = YES;
				ONLY_ACTIVE_ARCH = YES;
				SDKROOT = iphoneos;
				SWIFT_ACTIVE_COMPILATION_CONDITIONS = DEBUG;
				SWIFT_OPTIMIZATION_LEVEL = "-Onone";
			};
			name = Debug;
		};
		B21CC3F32027135000ABC0A4 /* Release */ = {
			isa = XCBuildConfiguration;
			buildSettings = {
				ALWAYS_SEARCH_USER_PATHS = NO;
				CLANG_ANALYZER_NONNULL = YES;
				CLANG_ANALYZER_NUMBER_OBJECT_CONVERSION = YES_AGGRESSIVE;
				CLANG_CXX_LANGUAGE_STANDARD = "gnu++14";
				CLANG_CXX_LIBRARY = "libc++";
				CLANG_ENABLE_MODULES = YES;
				CLANG_ENABLE_OBJC_ARC = YES;
				CLANG_WARN_BLOCK_CAPTURE_AUTORELEASING = YES;
				CLANG_WARN_BOOL_CONVERSION = YES;
				CLANG_WARN_COMMA = YES;
				CLANG_WARN_CONSTANT_CONVERSION = YES;
				CLANG_WARN_DIRECT_OBJC_ISA_USAGE = YES_ERROR;
				CLANG_WARN_DOCUMENTATION_COMMENTS = YES;
				CLANG_WARN_EMPTY_BODY = YES;
				CLANG_WARN_ENUM_CONVERSION = YES;
				CLANG_WARN_INFINITE_RECURSION = YES;
				CLANG_WARN_INT_CONVERSION = YES;
				CLANG_WARN_NON_LITERAL_NULL_CONVERSION = YES;
				CLANG_WARN_OBJC_LITERAL_CONVERSION = YES;
				CLANG_WARN_OBJC_ROOT_CLASS = YES_ERROR;
				CLANG_WARN_RANGE_LOOP_ANALYSIS = YES;
				CLANG_WARN_STRICT_PROTOTYPES = YES;
				CLANG_WARN_SUSPICIOUS_MOVE = YES;
				CLANG_WARN_UNGUARDED_AVAILABILITY = YES_AGGRESSIVE;
				CLANG_WARN_UNREACHABLE_CODE = YES;
				CLANG_WARN__DUPLICATE_METHOD_MATCH = YES;
				CODE_SIGN_IDENTITY = "iPhone Developer";
				COPY_PHASE_STRIP = NO;
				DEBUG_INFORMATION_FORMAT = "dwarf-with-dsym";
				ENABLE_NS_ASSERTIONS = NO;
				ENABLE_STRICT_OBJC_MSGSEND = YES;
				GCC_C_LANGUAGE_STANDARD = gnu11;
				GCC_NO_COMMON_BLOCKS = YES;
				GCC_WARN_64_TO_32_BIT_CONVERSION = YES;
				GCC_WARN_ABOUT_RETURN_TYPE = YES_ERROR;
				GCC_WARN_UNDECLARED_SELECTOR = YES;
				GCC_WARN_UNINITIALIZED_AUTOS = YES_AGGRESSIVE;
				GCC_WARN_UNUSED_FUNCTION = YES;
				GCC_WARN_UNUSED_VARIABLE = YES;
				IPHONEOS_DEPLOYMENT_TARGET = 11.2;
				MTL_ENABLE_DEBUG_INFO = NO;
				SDKROOT = iphoneos;
				SWIFT_OPTIMIZATION_LEVEL = "-Owholemodule";
				VALIDATE_PRODUCT = YES;
			};
			name = Release;
		};
		B21CC3F52027135000ABC0A4 /* Debug */ = {
			isa = XCBuildConfiguration;
			baseConfigurationReference = 076963861DBEE6AE9FF68069 /* Pods-wy.debug.xcconfig */;
			buildSettings = {
				ASSETCATALOG_COMPILER_APPICON_NAME = AppIcon;
				CLANG_ENABLE_MODULES = YES;
				CODE_SIGN_STYLE = Automatic;
				DEVELOPMENT_TEAM = MX363KFLLC;
				INFOPLIST_FILE = wy/Info.plist;
				IPHONEOS_DEPLOYMENT_TARGET = 9.0;
				LD_RUNPATH_SEARCH_PATHS = "$(inherited) @executable_path/Frameworks";
				PRODUCT_BUNDLE_IDENTIFIER = chu.wy;
				PRODUCT_NAME = "$(TARGET_NAME)";
				SWIFT_OBJC_BRIDGING_HEADER = "wy/wy-Bridging-Header.h";
				SWIFT_OPTIMIZATION_LEVEL = "-Onone";
				SWIFT_VERSION = 4.0;
				TARGETED_DEVICE_FAMILY = 1;
			};
			name = Debug;
		};
		B21CC3F62027135000ABC0A4 /* Release */ = {
			isa = XCBuildConfiguration;
			baseConfigurationReference = 80A429094BC4FC0C2B2F72CB /* Pods-wy.release.xcconfig */;
			buildSettings = {
				ASSETCATALOG_COMPILER_APPICON_NAME = AppIcon;
				CLANG_ENABLE_MODULES = YES;
				CODE_SIGN_STYLE = Automatic;
				DEVELOPMENT_TEAM = MX363KFLLC;
				INFOPLIST_FILE = wy/Info.plist;
				IPHONEOS_DEPLOYMENT_TARGET = 9.0;
				LD_RUNPATH_SEARCH_PATHS = "$(inherited) @executable_path/Frameworks";
				PRODUCT_BUNDLE_IDENTIFIER = chu.wy;
				PRODUCT_NAME = "$(TARGET_NAME)";
				SWIFT_OBJC_BRIDGING_HEADER = "wy/wy-Bridging-Header.h";
				SWIFT_VERSION = 4.0;
				TARGETED_DEVICE_FAMILY = 1;
			};
			name = Release;
		};
/* End XCBuildConfiguration section */

/* Begin XCConfigurationList section */
		B21CC3DD2027135000ABC0A4 /* Build configuration list for PBXProject "wy" */ = {
			isa = XCConfigurationList;
			buildConfigurations = (
				B21CC3F22027135000ABC0A4 /* Debug */,
				B21CC3F32027135000ABC0A4 /* Release */,
			);
			defaultConfigurationIsVisible = 0;
			defaultConfigurationName = Release;
		};
		B21CC3F42027135000ABC0A4 /* Build configuration list for PBXNativeTarget "wy" */ = {
			isa = XCConfigurationList;
			buildConfigurations = (
				B21CC3F52027135000ABC0A4 /* Debug */,
				B21CC3F62027135000ABC0A4 /* Release */,
			);
			defaultConfigurationIsVisible = 0;
			defaultConfigurationName = Release;
		};
/* End XCConfigurationList section */
	};
	rootObject = B21CC3DA2027135000ABC0A4 /* Project object */;
}
